# This file is automatically @generated by Cargo.
# It is not intended for manual editing.
version = 3

[[package]]
name = "bpe-rs"
version = "0.1.0"
source = "registry+https://github.com/rust-lang/crates.io-index"
checksum = "2e71ebb6bb02a1cd1afca2dd1e9dae9d026e1825f9ce1d12c9a037b6bad99f22"

[[package]]
name = "gfarch"
version = "0.1.0"
dependencies = [
 "bpe-rs",
]
